
Microsoft Visual Studio Solution File, Format Version 12.00
# Visual Studio Version 17
VisualStudioVersion = 17.3.32929.385
MinimumVisualStudioVersion = 10.0.40219.1
Project("{FAE04EC0-301F-11D3-BF4B-00C04F79EFBC}") = "CasasPopulares", "CasasPopulares.csproj", "{52455B23-B7D9-42B4-9568-B503F8E6E545}"
EndProject
Project("{FAE04EC0-301F-11D3-BF4B-00C04F79EFBC}") = "CasasPopulares.Dominio", "..\CasasPopulares.Dominio\CasasPopulares.Dominio.csproj", "{AC5CB1F8-4EFF-440D-AE64-E15B7F2D181F}"
EndProject
Project("{FAE04EC0-301F-11D3-BF4B-00C04F79EFBC}") = "CasasPopulares.Testes", "..\CasasPopulares.Testes\CasasPopulares.Testes.csproj", "{3E548D39-9B56-4ED7-AE73-E9362659DBBD}"
EndProject
Global
	GlobalSection(SolutionConfigurationPlatforms) = preSolution
		Debug|Any CPU = Debug|Any CPU
		Release|Any CPU = Release|Any CPU
	EndGlobalSection
	GlobalSection(ProjectConfigurationPlatforms) = postSolution
		{52455B23-B7D9-42B4-9568-B503F8E6E545}.Debug|Any CPU.ActiveCfg = Debug|Any CPU
		{52455B23-B7D9-42B4-9568-B503F8E6E545}.Debug|Any CPU.Build.0 = Debug|Any CPU
		{52455B23-B7D9-42B4-9568-B503F8E6E545}.Release|Any CPU.ActiveCfg = Release|Any CPU
		{52455B23-B7D9-42B4-9568-B503F8E6E545}.Release|Any CPU.Build.0 = Release|Any CPU
		{AC5CB1F8-4EFF-440D-AE64-E15B7F2D181F}.Debug|Any CPU.ActiveCfg = Debug|Any CPU
		{AC5CB1F8-4EFF-440D-AE64-E15B7F2D181F}.Debug|Any CPU.Build.0 = Debug|Any CPU
		{AC5CB1F8-4EFF-440D-AE64-E15B7F2D181F}.Release|Any CPU.ActiveCfg = Release|Any CPU
		{AC5CB1F8-4EFF-440D-AE64-E15B7F2D181F}.Release|Any CPU.Build.0 = Release|Any CPU
		{3E548D39-9B56-4ED7-AE73-E9362659DBBD}.Debug|Any CPU.ActiveCfg = Debug|Any CPU
		{3E548D39-9B56-4ED7-AE73-E9362659DBBD}.Debug|Any CPU.Build.0 = Debug|Any CPU
		{3E548D39-9B56-4ED7-AE73-E9362659DBBD}.Release|Any CPU.ActiveCfg = Release|Any CPU
		{3E548D39-9B56-4ED7-AE73-E9362659DBBD}.Release|Any CPU.Build.0 = Release|Any CPU
	EndGlobalSection
	GlobalSection(SolutionProperties) = preSolution
		HideSolutionNode = FALSE
	EndGlobalSection
	GlobalSection(ExtensibilityGlobals) = postSolution
		SolutionGuid = {ECDB2ADC-9806-448D-A7CD-7E2C486A8CB3}
	EndGlobalSection
EndGlobal
